
Microsoft Visual Studio Solution File, Format Version 12.00
# Visual Studio Version 16
VisualStudioVersion = 16.0.31005.135
MinimumVisualStudioVersion = 10.0.40219.1
Project("{FAE04EC0-301F-11D3-BF4B-00C04F79EFBC}") = "laba6", "laba6.csproj", "{03AEED84-AF96-4FD6-9FD8-90FBDD16240D}"
EndProject
Global
	GlobalSection(SolutionConfigurationPlatforms) = preSolution
		Debug|Any CPU = Debug|Any CPU
		Release|Any CPU = Release|Any CPU
	EndGlobalSection
	GlobalSection(ProjectConfigurationPlatforms) = postSolution
		{03AEED84-AF96-4FD6-9FD8-90FBDD16240D}.Debug|Any CPU.ActiveCfg = Debug|Any CPU
		{03AEED84-AF96-4FD6-9FD8-90FBDD16240D}.Debug|Any CPU.Build.0 = Debug|Any CPU
		{03AEED84-AF96-4FD6-9FD8-90FBDD16240D}.Release|Any CPU.ActiveCfg = Release|Any CPU
		{03AEED84-AF96-4FD6-9FD8-90FBDD16240D}.Release|Any CPU.Build.0 = Release|Any CPU
	EndGlobalSection
	GlobalSection(SolutionProperties) = preSolution
		HideSolutionNode = FALSE
	EndGlobalSection
	GlobalSection(ExtensibilityGlobals) = postSolution
		SolutionGuid = {96EC013C-BEDE-44FB-87E9-EED4ED6AFB17}
	EndGlobalSection
EndGlobal
